
Microsoft Visual Studio Solution File, Format Version 12.00
# Visual Studio Version 16
VisualStudioVersion = 16.0.28922.388
MinimumVisualStudioVersion = 10.0.40219.1
Project("{FAE04EC0-301F-11D3-BF4B-00C04F79EFBC}") = "snd2nub", "snd2nub\snd2nub.csproj", "{9EDFB12C-625A-49B5-BF29-699CCABB7525}"
EndProject
Global
	GlobalSection(SolutionConfigurationPlatforms) = preSolution
		Debug|Any CPU = Debug|Any CPU
		Release|Any CPU = Release|Any CPU
	EndGlobalSection
	GlobalSection(ProjectConfigurationPlatforms) = postSolution
		{9EDFB12C-625A-49B5-BF29-699CCABB7525}.Debug|Any CPU.ActiveCfg = Debug|Any CPU
		{9EDFB12C-625A-49B5-BF29-699CCABB7525}.Debug|Any CPU.Build.0 = Debug|Any CPU
		{9EDFB12C-625A-49B5-BF29-699CCABB7525}.Release|Any CPU.ActiveCfg = Release|Any CPU
		{9EDFB12C-625A-49B5-BF29-699CCABB7525}.Release|Any CPU.Build.0 = Release|Any CPU
	EndGlobalSection
	GlobalSection(SolutionProperties) = preSolution
		HideSolutionNode = FALSE
	EndGlobalSection
	GlobalSection(ExtensibilityGlobals) = postSolution
		SolutionGuid = {BBE6A6D8-CCEC-4BB7-92EB-846C7F000B7D}
	EndGlobalSection
EndGlobal
